
Microsoft Visual Studio Solution File, Format Version 12.00
# Visual Studio Version 17
VisualStudioVersion = 17.4.33213.308
MinimumVisualStudioVersion = 10.0.40219.1
Project("{FAE04EC0-301F-11D3-BF4B-00C04F79EFBC}") = "Exemple_Grid", "Exemple_Grid\Exemple_Grid.csproj", "{A40232B2-1BD3-4F5A-8D9F-55D2F6A37125}"
EndProject
Project("{FAE04EC0-301F-11D3-BF4B-00C04F79EFBC}") = "ExempleStackPanel", "ExempleStackPanel\ExempleStackPanel.csproj", "{18CB2D25-BDAC-40DF-94BF-02611306268C}"
EndProject
Global
	GlobalSection(SolutionConfigurationPlatforms) = preSolution
		Debug|Any CPU = Debug|Any CPU
		Release|Any CPU = Release|Any CPU
	EndGlobalSection
	GlobalSection(ProjectConfigurationPlatforms) = postSolution
		{A40232B2-1BD3-4F5A-8D9F-55D2F6A37125}.Debug|Any CPU.ActiveCfg = Debug|Any CPU
		{A40232B2-1BD3-4F5A-8D9F-55D2F6A37125}.Debug|Any CPU.Build.0 = Debug|Any CPU
		{A40232B2-1BD3-4F5A-8D9F-55D2F6A37125}.Release|Any CPU.ActiveCfg = Release|Any CPU
		{A40232B2-1BD3-4F5A-8D9F-55D2F6A37125}.Release|Any CPU.Build.0 = Release|Any CPU
		{18CB2D25-BDAC-40DF-94BF-02611306268C}.Debug|Any CPU.ActiveCfg = Debug|Any CPU
		{18CB2D25-BDAC-40DF-94BF-02611306268C}.Debug|Any CPU.Build.0 = Debug|Any CPU
		{18CB2D25-BDAC-40DF-94BF-02611306268C}.Release|Any CPU.ActiveCfg = Release|Any CPU
		{18CB2D25-BDAC-40DF-94BF-02611306268C}.Release|Any CPU.Build.0 = Release|Any CPU
	EndGlobalSection
	GlobalSection(SolutionProperties) = preSolution
		HideSolutionNode = FALSE
	EndGlobalSection
	GlobalSection(ExtensibilityGlobals) = postSolution
		SolutionGuid = {D5FC74AA-74AC-4104-B1DA-EE86D5DA6A81}
	EndGlobalSection
EndGlobal
